
Microsoft Visual Studio Solution File, Format Version 12.00
# Visual Studio Version 17
VisualStudioVersion = 17.6.33829.357
MinimumVisualStudioVersion = 10.0.40219.1
Project("{8BC9CEB8-8B4A-11D0-8D11-00A0C91BC942}") = "audioFrame", "audioFrame.vcxproj", "{80D8812D-4BD5-46E5-82DC-FAB875C367C2}"
EndProject
Project("{8BC9CEB8-8B4A-11D0-8D11-00A0C91BC942}") = "audioFrameTest", "..\audioFrameTest\audioFrameTest.vcxproj", "{C9C3B96F-FAC6-42D3-AE9F-941F05BEE2FF}"
EndProject
Project("{8BC9CEB8-8B4A-11D0-8D11-00A0C91BC942}") = "NDI with audioFrame", "..\NDI with audioFrame\NDI with audioFrame.vcxproj", "{A9DF3429-E7DE-4C64-A8C4-1603FD550357}"
EndProject
Project("{8BC9CEB8-8B4A-11D0-8D11-00A0C91BC942}") = "NDI with unique_ptr", "..\NDI with unique_ptr\NDI with unique_ptr.vcxproj", "{0D2C3150-11C7-474A-AEAF-0D25E5DAB8F0}"
EndProject
Global
	GlobalSection(SolutionConfigurationPlatforms) = preSolution
		Debug|x64 = Debug|x64
		Debug|x86 = Debug|x86
		Release|x64 = Release|x64
		Release|x86 = Release|x86
	EndGlobalSection
	GlobalSection(ProjectConfigurationPlatforms) = postSolution
		{80D8812D-4BD5-46E5-82DC-FAB875C367C2}.Debug|x64.ActiveCfg = Debug|x64
		{80D8812D-4BD5-46E5-82DC-FAB875C367C2}.Debug|x64.Build.0 = Debug|x64
		{80D8812D-4BD5-46E5-82DC-FAB875C367C2}.Debug|x86.ActiveCfg = Debug|x64
		{80D8812D-4BD5-46E5-82DC-FAB875C367C2}.Release|x64.ActiveCfg = Debug|x64
		{80D8812D-4BD5-46E5-82DC-FAB875C367C2}.Release|x86.ActiveCfg = Debug|x64
		{C9C3B96F-FAC6-42D3-AE9F-941F05BEE2FF}.Debug|x64.ActiveCfg = Debug|x64
		{C9C3B96F-FAC6-42D3-AE9F-941F05BEE2FF}.Debug|x64.Build.0 = Debug|x64
		{C9C3B96F-FAC6-42D3-AE9F-941F05BEE2FF}.Debug|x86.ActiveCfg = Debug|x64
		{C9C3B96F-FAC6-42D3-AE9F-941F05BEE2FF}.Release|x64.ActiveCfg = Release|x64
		{C9C3B96F-FAC6-42D3-AE9F-941F05BEE2FF}.Release|x64.Build.0 = Release|x64
		{C9C3B96F-FAC6-42D3-AE9F-941F05BEE2FF}.Release|x86.ActiveCfg = Release|x64
		{A9DF3429-E7DE-4C64-A8C4-1603FD550357}.Debug|x64.ActiveCfg = Debug|x64
		{A9DF3429-E7DE-4C64-A8C4-1603FD550357}.Debug|x64.Build.0 = Debug|x64
		{A9DF3429-E7DE-4C64-A8C4-1603FD550357}.Debug|x86.ActiveCfg = Debug|Win32
		{A9DF3429-E7DE-4C64-A8C4-1603FD550357}.Debug|x86.Build.0 = Debug|Win32
		{A9DF3429-E7DE-4C64-A8C4-1603FD550357}.Release|x64.ActiveCfg = Release|x64
		{A9DF3429-E7DE-4C64-A8C4-1603FD550357}.Release|x64.Build.0 = Release|x64
		{A9DF3429-E7DE-4C64-A8C4-1603FD550357}.Release|x86.ActiveCfg = Release|Win32
		{A9DF3429-E7DE-4C64-A8C4-1603FD550357}.Release|x86.Build.0 = Release|Win32
		{0D2C3150-11C7-474A-AEAF-0D25E5DAB8F0}.Debug|x64.ActiveCfg = Debug|x64
		{0D2C3150-11C7-474A-AEAF-0D25E5DAB8F0}.Debug|x64.Build.0 = Debug|x64
		{0D2C3150-11C7-474A-AEAF-0D25E5DAB8F0}.Debug|x86.ActiveCfg = Debug|Win32
		{0D2C3150-11C7-474A-AEAF-0D25E5DAB8F0}.Debug|x86.Build.0 = Debug|Win32
		{0D2C3150-11C7-474A-AEAF-0D25E5DAB8F0}.Release|x64.ActiveCfg = Release|x64
		{0D2C3150-11C7-474A-AEAF-0D25E5DAB8F0}.Release|x64.Build.0 = Release|x64
		{0D2C3150-11C7-474A-AEAF-0D25E5DAB8F0}.Release|x86.ActiveCfg = Release|Win32
		{0D2C3150-11C7-474A-AEAF-0D25E5DAB8F0}.Release|x86.Build.0 = Release|Win32
	EndGlobalSection
	GlobalSection(SolutionProperties) = preSolution
		HideSolutionNode = FALSE
	EndGlobalSection
	GlobalSection(ExtensibilityGlobals) = postSolution
		SolutionGuid = {07A6EC73-5554-48F8-A24E-245D92837812}
	EndGlobalSection
EndGlobal
